{
  "requires": true,
  "lockfileVersion": 1,
  "dependencies": {
    "@pnotify/bootstrap4": {
      "version": "5.1.2",
      "resolved": "https://registry.npmjs.org/@pnotify/bootstrap4/-/bootstrap4-5.1.2.tgz",
      "integrity": "sha512-B4HYrV0Cm6Xbgjckwp5EhEsPkuTNv1pilO3JrGSpFfJwabrWX/tfZZXRT3efko1mcXVOzISBzxi2VncoRfz1Uw==",
      "dev": true,
      "requires": {
        "@pnotify/core": "^5.1.2"
      }
    },
    "@pnotify/core": {
      "version": "5.1.2",
      "resolved": "https://registry.npmjs.org/@pnotify/core/-/core-5.1.2.tgz",
      "integrity": "sha512-YMy9lQUkwzjIiRS+CjwrsyaQF4MzzX5HGIlZnAIfRnmPRKOfE0oR9UAN+v6ZM476T7jo3DVt2XYu/PVveBG7PQ=="
    }
  }
}
